
Microsoft Visual Studio Solution File, Format Version 12.00
# Visual Studio Version 17
VisualStudioVersion = 17.4.33403.182
MinimumVisualStudioVersion = 10.0.40219.1
Project("{FAE04EC0-301F-11D3-BF4B-00C04F79EFBC}") = "ExtremeSkins.Converter", "ExtremeSkins.Converter\ExtremeSkins.Converter.csproj", "{D260AFD0-4E90-4C85-8740-BD5F0FC3BF65}"
EndProject
Global
	GlobalSection(SolutionConfigurationPlatforms) = preSolution
		Debug|Any CPU = Debug|Any CPU
		Release|Any CPU = Release|Any CPU
	EndGlobalSection
	GlobalSection(ProjectConfigurationPlatforms) = postSolution
		{D260AFD0-4E90-4C85-8740-BD5F0FC3BF65}.Debug|Any CPU.ActiveCfg = Debug|Any CPU
		{D260AFD0-4E90-4C85-8740-BD5F0FC3BF65}.Debug|Any CPU.Build.0 = Debug|Any CPU
		{D260AFD0-4E90-4C85-8740-BD5F0FC3BF65}.Release|Any CPU.ActiveCfg = Release|Any CPU
		{D260AFD0-4E90-4C85-8740-BD5F0FC3BF65}.Release|Any CPU.Build.0 = Release|Any CPU
	EndGlobalSection
	GlobalSection(SolutionProperties) = preSolution
		HideSolutionNode = FALSE
	EndGlobalSection
	GlobalSection(ExtensibilityGlobals) = postSolution
		SolutionGuid = {5E1B2132-359B-4A5D-97A6-1F954209E8E3}
	EndGlobalSection
EndGlobal
